{
  "lockfile_version": "1",
  "packages": {
    "cargo@latest": {
      "last_modified": "2025-10-22T20:59:19Z",
      "resolved": "github:NixOS/nixpkgs/01b6809f7f9d1183a2b3e081f0a1e6f8f415cb09#cargo",
      "source": "devbox-search",
      "version": "1.89.0",
      "systems": {
        "aarch64-darwin": {
          "outputs": [
            {
              "name": "out",
              "path": "/nix/store/f61dvjzzqj7c9xv07naqx6ga84vj10ip-cargo-1.89.0",
              "default": true
            }
          ],
          "store_path": "/nix/store/f61dvjzzqj7c9xv07naqx6ga84vj10ip-cargo-1.89.0"
        },
        "aarch64-linux": {
          "outputs": [
            {
              "name": "out",
              "path": "/nix/store/cp19l4m09lp45cm86ilvqpl1n1bwf5fz-cargo-1.89.0",
              "default": true
            }
          ],
          "store_path": "/nix/store/cp19l4m09lp45cm86ilvqpl1n1bwf5fz-cargo-1.89.0"
        },
        "x86_64-darwin": {
          "outputs": [
            {
              "name": "out",
              "path": "/nix/store/mdrdfm4q2076c8pp3gk798nzd6g0b5jn-cargo-1.89.0",
              "default": true
            }
          ],
          "store_path": "/nix/store/mdrdfm4q2076c8pp3gk798nzd6g0b5jn-cargo-1.89.0"
        },
        "x86_64-linux": {
          "outputs": [
            {
              "name": "out",
              "path": "/nix/store/ynhfvh8h1da3l2hnm15ab2fh3h8a6lf4-cargo-1.89.0",
              "default": true
            }
          ],
          "store_path": "/nix/store/ynhfvh8h1da3l2hnm15ab2fh3h8a6lf4-cargo-1.89.0"
        }
      }
    },
    "docker@latest": {
      "last_modified": "2024-07-31T08:48:38Z",
      "resolved": "github:NixOS/nixpkgs/c3392ad349a5227f4a3464dce87bcc5046692fce#docker",
      "source": "devbox-search",
      "version": "27.1.1",
      "systems": {
        "aarch64-darwin": {
          "outputs": [
            {
              "name": "out",
              "path": "/nix/store/j93ipdfilh2s9xrdaaqyk1c279k7a29p-docker-27.1.1",
              "default": true
            }
          ],
          "store_path": "/nix/store/j93ipdfilh2s9xrdaaqyk1c279k7a29p-docker-27.1.1"
        },
        "aarch64-linux": {
          "outputs": [
            {
              "name": "out",
              "path": "/nix/store/nlp1f5w6wjp6hak0y82lwklk7zys4fy1-docker-27.1.1",
              "default": true
            }
          ],
          "store_path": "/nix/store/nlp1f5w6wjp6hak0y82lwklk7zys4fy1-docker-27.1.1"
        },
        "x86_64-darwin": {
          "outputs": [
            {
              "name": "out",
              "path": "/nix/store/s64dz3c6pisvp0y3p79k6f1aq73rzmgm-docker-27.1.1",
              "default": true
            }
          ],
          "store_path": "/nix/store/s64dz3c6pisvp0y3p79k6f1aq73rzmgm-docker-27.1.1"
        },
        "x86_64-linux": {
          "outputs": [
            {
              "name": "out",
              "path": "/nix/store/wjkbv99n0karqjyk1r2sf12njr8qbcnr-docker-27.1.1",
              "default": true
            }
          ],
          "store_path": "/nix/store/wjkbv99n0karqjyk1r2sf12njr8qbcnr-docker-27.1.1"
        }
      }
    },
    "github:NixOS/nixpkgs/nixpkgs-unstable": {
      "resolved": "github:NixOS/nixpkgs/632f04521e847173c54fa72973ec6c39a371211c?lastModified=1739863612&narHash=sha256-UbtgxplOhFcyjBcNbTVO8%2BHUHAl%2FWXFDOb6LvqShiZo%3D"
    },
    "gnumake@latest": {
      "last_modified": "2024-11-16T04:25:12Z",
      "resolved": "github:NixOS/nixpkgs/34a626458d686f1b58139620a8b2793e9e123bba#gnumake",
      "source": "devbox-search",
      "version": "4.4.1",
      "systems": {
        "aarch64-darwin": {
          "outputs": [
            {
              "name": "out",
              "path": "/nix/store/0gqbh56qwj0cxmvl7dajic9mkbc26ilc-gnumake-4.4.1",
              "default": true
            },
            {
              "name": "man",
              "path": "/nix/store/7k3yfg53wlkfxjaflnh8cswkpdz1xm8z-gnumake-4.4.1-man",
              "default": true
            },
            {
              "name": "info",
              "path": "/nix/store/00ypq3z6m7imw786m7fcdr6f0f384s90-gnumake-4.4.1-info"
            }
          ],
          "store_path": "/nix/store/0gqbh56qwj0cxmvl7dajic9mkbc26ilc-gnumake-4.4.1"
        },
        "aarch64-linux": {
          "outputs": [
            {
              "name": "out",
              "path": "/nix/store/4n915dnxxga9hd6djx0k3g311ww1ga8v-gnumake-4.4.1",
              "default": true
            },
            {
              "name": "man",
              "path": "/nix/store/fb4zh233hgpx37wzm6gv56hvqzcl8lp0-gnumake-4.4.1-man",
              "default": true
            },
            {
              "name": "debug",
              "path": "/nix/store/yyh2bg6gf2fkg1naqndr21zim3i60l2c-gnumake-4.4.1-debug"
            },
            {
              "name": "info",
              "path": "/nix/store/ai7s9s57h8283r7rpbw4d7nbq7hgx3ac-gnumake-4.4.1-info"
            }
          ],
          "store_path": "/nix/store/4n915dnxxga9hd6djx0k3g311ww1ga8v-gnumake-4.4.1"
        },
        "x86_64-darwin": {
          "outputs": [
            {
              "name": "out",
              "path": "/nix/store/wqz4s9ij68jmnp7nphvkh22cbfapmk1w-gnumake-4.4.1",
              "default": true
            },
            {
              "name": "man",
              "path": "/nix/store/8a3bjif0mwlhm7pybzclp5hlswmmcjd5-gnumake-4.4.1-man",
              "default": true
            },
            {
              "name": "info",
              "path": "/nix/store/99iicq73zij6klmpw3lhcy1kh95lnl63-gnumake-4.4.1-info"
            }
          ],
          "store_path": "/nix/store/wqz4s9ij68jmnp7nphvkh22cbfapmk1w-gnumake-4.4.1"
        },
        "x86_64-linux": {
          "outputs": [
            {
              "name": "out",
              "path": "/nix/store/7nvps9mhddbqfhpbwsw87dh0nql2kljb-gnumake-4.4.1",
              "default": true
            },
            {
              "name": "man",
              "path": "/nix/store/zs8ijd334lhdnghc7n24z0bq7w7f7dc0-gnumake-4.4.1-man",
              "default": true
            },
            {
              "name": "debug",
              "path": "/nix/store/z66scq04p9khp2p47y7gwjzlp18rkflj-gnumake-4.4.1-debug"
            },
            {
              "name": "info",
              "path": "/nix/store/vxki0gd4zq5ighs0y2g629r763mm3n7a-gnumake-4.4.1-info"
            }
          ],
          "store_path": "/nix/store/7nvps9mhddbqfhpbwsw87dh0nql2kljb-gnumake-4.4.1"
        }
      }
    },
    "kind@0.23.0": {
      "last_modified": "2024-08-14T11:41:26Z",
      "resolved": "github:NixOS/nixpkgs/0cb2fd7c59fed0cd82ef858cbcbdb552b9a33465#kind",
      "source": "devbox-search",
      "version": "0.23.0",
      "systems": {
        "aarch64-darwin": {
          "outputs": [
            {
              "name": "out",
              "path": "/nix/store/rl3mxy800109l52bvnyayhzkb2b7sagm-kind-0.23.0",
              "default": true
            }
          ],
          "store_path": "/nix/store/rl3mxy800109l52bvnyayhzkb2b7sagm-kind-0.23.0"
        },
        "aarch64-linux": {
          "outputs": [
            {
              "name": "out",
              "path": "/nix/store/0r4p2d590c17lczs03hviq94nhaqhana-kind-0.23.0",
              "default": true
            }
          ],
          "store_path": "/nix/store/0r4p2d590c17lczs03hviq94nhaqhana-kind-0.23.0"
        },
        "x86_64-darwin": {
          "outputs": [
            {
              "name": "out",
              "path": "/nix/store/krl3i2xmqvdldy76l8kvcyyz68azzp1b-kind-0.23.0",
              "default": true
            }
          ],
          "store_path": "/nix/store/krl3i2xmqvdldy76l8kvcyyz68azzp1b-kind-0.23.0"
        },
        "x86_64-linux": {
          "outputs": [
            {
              "name": "out",
              "path": "/nix/store/8215xk1j01md3qlzqxadpvmd27fndcw5-kind-0.23.0",
              "default": true
            }
          ],
          "store_path": "/nix/store/8215xk1j01md3qlzqxadpvmd27fndcw5-kind-0.23.0"
        }
      }
    },
    "kubectl@latest": {
      "last_modified": "2024-07-07T07:43:47Z",
      "resolved": "github:NixOS/nixpkgs/b60793b86201040d9dee019a05089a9150d08b5b#kubectl",
      "source": "devbox-search",
      "version": "1.30.2",
      "systems": {
        "aarch64-darwin": {
          "outputs": [
            {
              "name": "out",
              "path": "/nix/store/i1zidf41bkfzs2l1pq9fi1frymsfgywc-kubectl-1.30.2",
              "default": true
            },
            {
              "name": "man",
              "path": "/nix/store/dzxnn9mk9plcx3w9862jyd0nxys2yywz-kubectl-1.30.2-man",
              "default": true
            },
            {
              "name": "convert",
              "path": "/nix/store/v9ij5fnxxa02jkzpjvkbxw2jc4p9cbld-kubectl-1.30.2-convert"
            }
          ],
          "store_path": "/nix/store/i1zidf41bkfzs2l1pq9fi1frymsfgywc-kubectl-1.30.2"
        },
        "aarch64-linux": {
          "outputs": [
            {
              "name": "out",
              "path": "/nix/store/k7ql4247qs6ny27m3iz5c9xf5gb248a2-kubectl-1.30.2",
              "default": true
            },
            {
              "name": "man",
              "path": "/nix/store/wy64r4nn3isydw4nx257h95qy2x2z4mx-kubectl-1.30.2-man",
              "default": true
            },
            {
              "name": "convert",
              "path": "/nix/store/ic8za302hvb4kf4zrs55ivr4q2n2lznn-kubectl-1.30.2-convert"
            }
          ],
          "store_path": "/nix/store/k7ql4247qs6ny27m3iz5c9xf5gb248a2-kubectl-1.30.2"
        },
        "x86_64-darwin": {
          "outputs": [
            {
              "name": "out",
              "path": "/nix/store/v029n959l5b289br0cq591b04yc48516-kubectl-1.30.2",
              "default": true
            },
            {
              "name": "man",
              "path": "/nix/store/0dvcxn7gsi2ycy9blb7pcy506w4xp2vi-kubectl-1.30.2-man",
              "default": true
            },
            {
              "name": "convert",
              "path": "/nix/store/2nfq4ivwa4a7jwc0183f2wpl1jxbn754-kubectl-1.30.2-convert"
            }
          ],
          "store_path": "/nix/store/v029n959l5b289br0cq591b04yc48516-kubectl-1.30.2"
        },
        "x86_64-linux": {
          "outputs": [
            {
              "name": "out",
              "path": "/nix/store/3vkf0406s1i6l89hk5wrakh4bbn0p1p2-kubectl-1.30.2",
              "default": true
            },
            {
              "name": "man",
              "path": "/nix/store/3wbvgkkka1knkxvyr4c8qbpr448smw8i-kubectl-1.30.2-man",
              "default": true
            },
            {
              "name": "convert",
              "path": "/nix/store/h5zxz8db6wligwhw5gnwk4gbc8j1ixik-kubectl-1.30.2-convert"
            }
          ],
          "store_path": "/nix/store/3vkf0406s1i6l89hk5wrakh4bbn0p1p2-kubectl-1.30.2"
        }
      }
    }
  }
}
